
Microsoft Visual Studio Solution File, Format Version 12.00
# Visual Studio Version 16
VisualStudioVersion = 16.0.32901.82
MinimumVisualStudioVersion = 10.0.40219.1
Project("{FAE04EC0-301F-11D3-BF4B-00C04F79EFBC}") = "MyTask.Plugins", "MyTask.Plugins\MyTask.Plugins.csproj", "{97576C67-85A2-4833-8C9F-2DE20EF3AE9B}"
EndProject
Project("{D954291E-2A0B-460D-934E-DC6B0785DB48}") = "MyTask.Constants", "MyTask.Constants\MyTask.Constants.shproj", "{E24E54A2-8D11-4D68-BA11-03692A465085}"
EndProject
Project("{FAE04EC0-301F-11D3-BF4B-00C04F79EFBC}") = "AzurePlugin", "C:\Users\sonupaul\source\repos\AzurePlugin\AzurePlugin\AzurePlugin.csproj", "{8F098731-EAEA-4F10-93D4-AEEC969A7754}"
EndProject
Global
	GlobalSection(SharedMSBuildProjectFiles) = preSolution
		MyTask.Constants\MyTask.Constants.projitems*{97576c67-85a2-4833-8c9f-2de20ef3ae9b}*SharedItemsImports = 4
		MyTask.Constants\MyTask.Constants.projitems*{e24e54a2-8d11-4d68-ba11-03692a465085}*SharedItemsImports = 13
	EndGlobalSection
	GlobalSection(SolutionConfigurationPlatforms) = preSolution
		Debug|Any CPU = Debug|Any CPU
		Release|Any CPU = Release|Any CPU
	EndGlobalSection
	GlobalSection(ProjectConfigurationPlatforms) = postSolution
		{97576C67-85A2-4833-8C9F-2DE20EF3AE9B}.Debug|Any CPU.ActiveCfg = Debug|Any CPU
		{97576C67-85A2-4833-8C9F-2DE20EF3AE9B}.Debug|Any CPU.Build.0 = Debug|Any CPU
		{97576C67-85A2-4833-8C9F-2DE20EF3AE9B}.Release|Any CPU.ActiveCfg = Release|Any CPU
		{97576C67-85A2-4833-8C9F-2DE20EF3AE9B}.Release|Any CPU.Build.0 = Release|Any CPU
		{8F098731-EAEA-4F10-93D4-AEEC969A7754}.Debug|Any CPU.ActiveCfg = Debug|Any CPU
		{8F098731-EAEA-4F10-93D4-AEEC969A7754}.Debug|Any CPU.Build.0 = Debug|Any CPU
		{8F098731-EAEA-4F10-93D4-AEEC969A7754}.Release|Any CPU.ActiveCfg = Release|Any CPU
		{8F098731-EAEA-4F10-93D4-AEEC969A7754}.Release|Any CPU.Build.0 = Release|Any CPU
	EndGlobalSection
	GlobalSection(SolutionProperties) = preSolution
		HideSolutionNode = FALSE
	EndGlobalSection
	GlobalSection(ExtensibilityGlobals) = postSolution
		SolutionGuid = {D1DBF6F3-A616-4F8A-9AD3-5815CB3EE190}
	EndGlobalSection
EndGlobal
